<?xml version="1.0" encoding="utf-8"?>
<Project ToolsVersion="4.0" xmlns="http://schemas.microsoft.com/developer/msbuild/2003">
  <ItemGroup>
    <Filter Include="Source Files">
      <UniqueIdentifier>{4FC737F1-C7A5-4376-A066-2A32D752A2FF}</UniqueIdentifier>
      <Extensions>cpp;c;cc;cxx;def;odl;idl;hpj;bat;asm;asmx</Extensions>
    </Filter>
    <Filter Include="Header Files">
      <UniqueIdentifier>{93995380-89BD-4b04-88EB-625FBE52EBFB}</UniqueIdentifier>
      <Extensions>h;hpp;hxx;hm;inl;inc;xsd</Extensions>
    </Filter>
    <Filter Include="Resource Files">
      <UniqueIdentifier>{67DA6AB6-F800-4c08-8B7A-83BB121AAD01}</UniqueIdentifier>
      <Extensions>rc;ico;cur;bmp;dlg;rc2;rct;bin;rgs;gif;jpg;jpeg;jpe;resx;tiff;tif;png;wav;mfcribbon-ms</Extensions>
    </Filter>
    <Filter Include="Source Files\libmongoc">
      <UniqueIdentifier>{3eca9b8a-86f4-4437-bb5c-12c2c9869d2e}</UniqueIdentifier>
    </Filter>
    <Filter Include="Source Files\libmongoc\libbson">
      <UniqueIdentifier>{9dc87acc-2171-4814-aa98-1ccbbefc96d4}</UniqueIdentifier>
    </Filter>
    <Filter Include="Source Files\libmongoc\libbson\yajl">
      <UniqueIdentifier>{014ec36d-034c-4d65-9ec5-1d5deaa3b753}</UniqueIdentifier>
    </Filter>
    <Filter Include="Source Files\zlib">
      <UniqueIdentifier>{ef926394-4548-4dcf-9023-75fba3d05609}</UniqueIdentifier>
    </Filter>
    <Filter Include="Source Files\libscrypt">
      <UniqueIdentifier>{2ba95303-d554-4f9b-b9c3-cd98632f46c0}</UniqueIdentifier>
    </Filter>
    <Filter Include="Header Files\eax">
      <UniqueIdentifier>{4462c2b1-d1fe-4399-8417-a5fe7516e634}</UniqueIdentifier>
    </Filter>
    <Filter Include="Source Files\eax">
      <UniqueIdentifier>{76af48dc-b27c-43c6-bcbf-68c7a71bfc98}</UniqueIdentifier>
    </Filter>
  </ItemGroup>
  <ItemGroup>
    <ClCompile Include="__submodules\mongo-c-driver\src\mongoc\mongoc-array.c">
      <Filter>Source Files\libmongoc</Filter>
    </ClCompile>
    <ClCompile Include="__submodules\mongo-c-driver\src\mongoc\mongoc-buffer.c">
      <Filter>Source Files\libmongoc</Filter>
    </ClCompile>
    <ClCompile Include="__submodules\mongo-c-driver\src\mongoc\mongoc-bulk-operation.c">
      <Filter>Source Files\libmongoc</Filter>
    </ClCompile>
    <ClCompile Include="__submodules\mongo-c-driver\src\mongoc\mongoc-client-pool.c">
      <Filter>Source Files\libmongoc</Filter>
    </ClCompile>
    <ClCompile Include="__submodules\mongo-c-driver\src\mongoc\mongoc-client.c">
      <Filter>Source Files\libmongoc</Filter>
    </ClCompile>
    <ClCompile Include="__submodules\mongo-c-driver\src\mongoc\mongoc-cluster.c">
      <Filter>Source Files\libmongoc</Filter>
    </ClCompile>
    <ClCompile Include="__submodules\mongo-c-driver\src\mongoc\mongoc-collection.c">
      <Filter>Source Files\libmongoc</Filter>
    </ClCompile>
    <ClCompile Include="__submodules\mongo-c-driver\src\mongoc\mongoc-counters.c">
      <Filter>Source Files\libmongoc</Filter>
    </ClCompile>
    <ClCompile Include="__submodules\mongo-c-driver\src\mongoc\mongoc-cursor-array.c">
      <Filter>Source Files\libmongoc</Filter>
    </ClCompile>
    <ClCompile Include="__submodules\mongo-c-driver\src\mongoc\mongoc-cursor-cursorid.c">
      <Filter>Source Files\libmongoc</Filter>
    </ClCompile>
    <ClCompile Include="__submodules\mongo-c-driver\src\mongoc\mongoc-cursor.c">
      <Filter>Source Files\libmongoc</Filter>
    </ClCompile>
    <ClCompile Include="__submodules\mongo-c-driver\src\mongoc\mongoc-database.c">
      <Filter>Source Files\libmongoc</Filter>
    </ClCompile>
    <ClCompile Include="__submodules\mongo-c-driver\src\mongoc\mongoc-gridfs-file-list.c">
      <Filter>Source Files\libmongoc</Filter>
    </ClCompile>
    <ClCompile Include="__submodules\mongo-c-driver\src\mongoc\mongoc-gridfs-file-page.c">
      <Filter>Source Files\libmongoc</Filter>
    </ClCompile>
    <ClCompile Include="__submodules\mongo-c-driver\src\mongoc\mongoc-gridfs-file.c">
      <Filter>Source Files\libmongoc</Filter>
    </ClCompile>
    <ClCompile Include="__submodules\mongo-c-driver\src\mongoc\mongoc-gridfs.c">
      <Filter>Source Files\libmongoc</Filter>
    </ClCompile>
    <ClCompile Include="__submodules\mongo-c-driver\src\mongoc\mongoc-index.c">
      <Filter>Source Files\libmongoc</Filter>
    </ClCompile>
    <ClCompile Include="__submodules\mongo-c-driver\src\mongoc\mongoc-init.c">
      <Filter>Source Files\libmongoc</Filter>
    </ClCompile>
    <ClCompile Include="__submodules\mongo-c-driver\src\mongoc\mongoc-list.c">
      <Filter>Source Files\libmongoc</Filter>
    </ClCompile>
    <ClCompile Include="__submodules\mongo-c-driver\src\mongoc\mongoc-log.c">
      <Filter>Source Files\libmongoc</Filter>
    </ClCompile>
    <ClCompile Include="__submodules\mongo-c-driver\src\mongoc\mongoc-matcher-op.c">
      <Filter>Source Files\libmongoc</Filter>
    </ClCompile>
    <ClCompile Include="__submodules\mongo-c-driver\src\mongoc\mongoc-matcher.c">
      <Filter>Source Files\libmongoc</Filter>
    </ClCompile>
    <ClCompile Include="__submodules\mongo-c-driver\src\mongoc\mongoc-queue.c">
      <Filter>Source Files\libmongoc</Filter>
    </ClCompile>
    <ClCompile Include="__submodules\mongo-c-driver\src\mongoc\mongoc-read-prefs.c">
      <Filter>Source Files\libmongoc</Filter>
    </ClCompile>
    <ClCompile Include="__submodules\mongo-c-driver\src\mongoc\mongoc-rpc.c">
      <Filter>Source Files\libmongoc</Filter>
    </ClCompile>
    <ClCompile Include="__submodules\mongo-c-driver\src\mongoc\mongoc-socket.c">
      <Filter>Source Files\libmongoc</Filter>
    </ClCompile>
    <ClCompile Include="__submodules\mongo-c-driver\src\mongoc\mongoc-stream-buffered.c">
      <Filter>Source Files\libmongoc</Filter>
    </ClCompile>
    <ClCompile Include="__submodules\mongo-c-driver\src\mongoc\mongoc-stream-file.c">
      <Filter>Source Files\libmongoc</Filter>
    </ClCompile>
    <ClCompile Include="__submodules\mongo-c-driver\src\mongoc\mongoc-stream-gridfs.c">
      <Filter>Source Files\libmongoc</Filter>
    </ClCompile>
    <ClCompile Include="__submodules\mongo-c-driver\src\mongoc\mongoc-stream-socket.c">
      <Filter>Source Files\libmongoc</Filter>
    </ClCompile>
    <ClCompile Include="__submodules\mongo-c-driver\src\mongoc\mongoc-stream.c">
      <Filter>Source Files\libmongoc</Filter>
    </ClCompile>
    <ClCompile Include="__submodules\mongo-c-driver\src\mongoc\mongoc-uri.c">
      <Filter>Source Files\libmongoc</Filter>
    </ClCompile>
    <ClCompile Include="__submodules\mongo-c-driver\src\mongoc\mongoc-util.c">
      <Filter>Source Files\libmongoc</Filter>
    </ClCompile>
    <ClCompile Include="__submodules\mongo-c-driver\src\mongoc\mongoc-write-command.c">
      <Filter>Source Files\libmongoc</Filter>
    </ClCompile>
    <ClCompile Include="__submodules\mongo-c-driver\src\mongoc\mongoc-write-concern.c">
      <Filter>Source Files\libmongoc</Filter>
    </ClCompile>
    <ClCompile Include="__submodules\libbson\src\bson\bcon.c">
      <Filter>Source Files\libmongoc\libbson</Filter>
    </ClCompile>
    <ClCompile Include="__submodules\libbson\src\bson\bson-atomic.c">
      <Filter>Source Files\libmongoc\libbson</Filter>
    </ClCompile>
    <ClCompile Include="__submodules\libbson\src\bson\bson-clock.c">
      <Filter>Source Files\libmongoc\libbson</Filter>
    </ClCompile>
    <ClCompile Include="__submodules\libbson\src\bson\bson-context.c">
      <Filter>Source Files\libmongoc\libbson</Filter>
    </ClCompile>
    <ClCompile Include="__submodules\libbson\src\bson\bson-error.c">
      <Filter>Source Files\libmongoc\libbson</Filter>
    </ClCompile>
    <ClCompile Include="__submodules\libbson\src\bson\bson-iter.c">
      <Filter>Source Files\libmongoc\libbson</Filter>
    </ClCompile>
    <ClCompile Include="__submodules\libbson\src\bson\bson-json.c">
      <Filter>Source Files\libmongoc\libbson</Filter>
    </ClCompile>
    <ClCompile Include="__submodules\libbson\src\bson\bson-keys.c">
      <Filter>Source Files\libmongoc\libbson</Filter>
    </ClCompile>
    <ClCompile Include="__submodules\libbson\src\bson\bson-md5.c">
      <Filter>Source Files\libmongoc\libbson</Filter>
    </ClCompile>
    <ClCompile Include="__submodules\libbson\src\bson\bson-memory.c">
      <Filter>Source Files\libmongoc\libbson</Filter>
    </ClCompile>
    <ClCompile Include="__submodules\libbson\src\bson\bson-oid.c">
      <Filter>Source Files\libmongoc\libbson</Filter>
    </ClCompile>
    <ClCompile Include="__submodules\libbson\src\bson\bson-reader.c">
      <Filter>Source Files\libmongoc\libbson</Filter>
    </ClCompile>
    <ClCompile Include="__submodules\libbson\src\bson\bson-string.c">
      <Filter>Source Files\libmongoc\libbson</Filter>
    </ClCompile>
    <ClCompile Include="__submodules\libbson\src\bson\bson-utf8.c">
      <Filter>Source Files\libmongoc\libbson</Filter>
    </ClCompile>
    <ClCompile Include="__submodules\libbson\src\bson\bson-value.c">
      <Filter>Source Files\libmongoc\libbson</Filter>
    </ClCompile>
    <ClCompile Include="__submodules\libbson\src\bson\bson-writer.c">
      <Filter>Source Files\libmongoc\libbson</Filter>
    </ClCompile>
    <ClCompile Include="__submodules\libbson\src\bson\bson.c">
      <Filter>Source Files\libmongoc\libbson</Filter>
    </ClCompile>
    <ClCompile Include="__submodules\libbson\src\yajl\yajl.c">
      <Filter>Source Files\libmongoc\libbson\yajl</Filter>
    </ClCompile>
    <ClCompile Include="__submodules\libbson\src\yajl\yajl_alloc.c">
      <Filter>Source Files\libmongoc\libbson\yajl</Filter>
    </ClCompile>
    <ClCompile Include="__submodules\libbson\src\yajl\yajl_buf.c">
      <Filter>Source Files\libmongoc\libbson\yajl</Filter>
    </ClCompile>
    <ClCompile Include="__submodules\libbson\src\yajl\yajl_encode.c">
      <Filter>Source Files\libmongoc\libbson\yajl</Filter>
    </ClCompile>
    <ClCompile Include="__submodules\libbson\src\yajl\yajl_gen.c">
      <Filter>Source Files\libmongoc\libbson\yajl</Filter>
    </ClCompile>
    <ClCompile Include="__submodules\libbson\src\yajl\yajl_lex.c">
      <Filter>Source Files\libmongoc\libbson\yajl</Filter>
    </ClCompile>
    <ClCompile Include="__submodules\libbson\src\yajl\yajl_parser.c">
      <Filter>Source Files\libmongoc\libbson\yajl</Filter>
    </ClCompile>
    <ClCompile Include="__submodules\libbson\src\yajl\yajl_tree.c">
      <Filter>Source Files\libmongoc\libbson\yajl</Filter>
    </ClCompile>
    <ClCompile Include="__submodules\libbson\src\yajl\yajl_version.c">
      <Filter>Source Files\libmongoc\libbson\yajl</Filter>
    </ClCompile>
    <ClCompile Include="__submodules\mongo-c-driver\examples\example-cnv-gridfs.c">
      <Filter>Source Files</Filter>
    </ClCompile>
    <ClCompile Include="__submodules\zlib\adler32.c">
      <Filter>Source Files\zlib</Filter>
    </ClCompile>
    <ClCompile Include="__submodules\zlib\compress.c">
      <Filter>Source Files\zlib</Filter>
    </ClCompile>
    <ClCompile Include="__submodules\zlib\crc32.c">
      <Filter>Source Files\zlib</Filter>
    </ClCompile>
    <ClCompile Include="__submodules\zlib\deflate.c">
      <Filter>Source Files\zlib</Filter>
    </ClCompile>
    <ClCompile Include="__submodules\zlib\gzclose.c">
      <Filter>Source Files\zlib</Filter>
    </ClCompile>
    <ClCompile Include="__submodules\zlib\gzlib.c">
      <Filter>Source Files\zlib</Filter>
    </ClCompile>
    <ClCompile Include="__submodules\zlib\gzread.c">
      <Filter>Source Files\zlib</Filter>
    </ClCompile>
    <ClCompile Include="__submodules\zlib\gzwrite.c">
      <Filter>Source Files\zlib</Filter>
    </ClCompile>
    <ClCompile Include="__submodules\zlib\infback.c">
      <Filter>Source Files\zlib</Filter>
    </ClCompile>
    <ClCompile Include="__submodules\zlib\inffast.c">
      <Filter>Source Files\zlib</Filter>
    </ClCompile>
    <ClCompile Include="__submodules\zlib\inflate.c">
      <Filter>Source Files\zlib</Filter>
    </ClCompile>
    <ClCompile Include="__submodules\zlib\inftrees.c">
      <Filter>Source Files\zlib</Filter>
    </ClCompile>
    <ClCompile Include="__submodules\zlib\trees.c">
      <Filter>Source Files\zlib</Filter>
    </ClCompile>
    <ClCompile Include="__submodules\zlib\uncompr.c">
      <Filter>Source Files\zlib</Filter>
    </ClCompile>
    <ClCompile Include="__submodules\zlib\zutil.c">
      <Filter>Source Files\zlib</Filter>
    </ClCompile>
    <ClCompile Include="__submodules\mongo-c-driver\src\mongoc\mongoc-gridfs-cnv-file.c">
      <Filter>Source Files</Filter>
    </ClCompile>
    <ClCompile Include="__submodules\libscrypt\crypto-scrypt-saltgen.c">
      <Filter>Source Files\libscrypt</Filter>
    </ClCompile>
    <ClCompile Include="__submodules\libscrypt\crypto_scrypt-nosse.c">
      <Filter>Source Files\libscrypt</Filter>
    </ClCompile>
    <ClCompile Include="__submodules\libscrypt\sha256.c">
      <Filter>Source Files\libscrypt</Filter>
    </ClCompile>
    <ClCompile Include="__submodules\AES\aescrypt.c">
      <Filter>Source Files\eax</Filter>
    </ClCompile>
    <ClCompile Include="__submodules\AES\aeskey.c">
      <Filter>Source Files\eax</Filter>
    </ClCompile>
    <ClCompile Include="__submodules\AES\aestab.c">
      <Filter>Source Files\eax</Filter>
    </ClCompile>
    <ClCompile Include="__submodules\AES\aes_modes.c">
      <Filter>Source Files\eax</Filter>
    </ClCompile>
    <ClCompile Include="__submodules\AES\aes_ni.c">
      <Filter>Source Files\eax</Filter>
    </ClCompile>
    <ClCompile Include="__submodules\modes\eax.c">
      <Filter>Source Files\eax</Filter>
    </ClCompile>
    <ClCompile Include="__submodules\libbson\src\bson\bson-iso8601.c">
      <Filter>Source Files\libmongoc\libbson</Filter>
    </ClCompile>
    <ClCompile Include="__submodules\mongo-c-driver\src\mongoc\mongoc-cursor-transform.c">
      <Filter>Source Files\libmongoc</Filter>
    </ClCompile>
  </ItemGroup>
  <ItemGroup>
    <ClInclude Include="__submodules\mongo-c-driver\src\mongoc\mongoc-gridfs-cnv-file.h">
      <Filter>Header Files</Filter>
    </ClInclude>
    <ClInclude Include="__submodules\AES\aes.h">
      <Filter>Header Files\eax</Filter>
    </ClInclude>
    <ClInclude Include="__submodules\AES\aes_ni.h">
      <Filter>Header Files\eax</Filter>
    </ClInclude>
    <ClInclude Include="__submodules\AES\aes_via_ace.h">
      <Filter>Header Files\eax</Filter>
    </ClInclude>
    <ClInclude Include="__submodules\AES\aesopt.h">
      <Filter>Header Files\eax</Filter>
    </ClInclude>
    <ClInclude Include="__submodules\AES\aestab.h">
      <Filter>Header Files\eax</Filter>
    </ClInclude>
    <ClInclude Include="__submodules\AES\brg_endian.h">
      <Filter>Header Files\eax</Filter>
    </ClInclude>
    <ClInclude Include="__submodules\AES\brg_types.h">
      <Filter>Header Files\eax</Filter>
    </ClInclude>
  </ItemGroup>
</Project>