Microsoft Visual Studio Solution File, Format Version 12.00
# Visual Studio 2010
Project("{8BC9CEB8-8B4A-11D0-8D11-00A0C91BC942}") = "mongoc_shared", "mongoc_shared.vcxproj", "{93D8C082-3A08-4B23-A53C-97A79125D4BD}"
	ProjectSection(ProjectDependencies) = postProject
		{6C6521A1-DE42-48B9-991D-E3C412026C49} = {6C6521A1-DE42-48B9-991D-E3C412026C49}
	EndProjectSection
EndProject
Project("{8BC9CEB8-8B4A-11D0-8D11-00A0C91BC942}") = "mongoc_static", "mongoc_static.vcxproj", "{6C6521A1-DE42-48B9-991D-E3C412026C49}"
EndProject
Project("{8BC9CEB8-8B4A-11D0-8D11-00A0C91BC942}") = "test-libmongoc", "test-libmongoc.vcxproj", "{5BE8A249-F97A-47A5-BDEF-741E34FA697B}"
	ProjectSection(ProjectDependencies) = postProject
		{6C6521A1-DE42-48B9-991D-E3C412026C49} = {6C6521A1-DE42-48B9-991D-E3C412026C49}
	EndProjectSection
EndProject
Project("{8BC9CEB8-8B4A-11D0-8D11-00A0C91BC942}") = "example-cnv-gridfs", "example-cnv-gridfs.vcxproj", "{95391B7F-F59D-4B7B-84A7-B7D24D3A0033}"
	ProjectSection(ProjectDependencies) = postProject
		{6C6521A1-DE42-48B9-991D-E3C412026C49} = {6C6521A1-DE42-48B9-991D-E3C412026C49}
	EndProjectSection
EndProject
Global
	GlobalSection(SolutionConfigurationPlatforms) = preSolution
		Debug|Win32 = Debug|Win32
		Debug|x64 = Debug|x64
		Release|Win32 = Release|Win32
		Release|x64 = Release|x64
	EndGlobalSection
	GlobalSection(ProjectConfigurationPlatforms) = postSolution
		{93D8C082-3A08-4B23-A53C-97A79125D4BD}.Debug|Win32.ActiveCfg = Debug|Win32
		{93D8C082-3A08-4B23-A53C-97A79125D4BD}.Debug|Win32.Build.0 = Debug|Win32
		{93D8C082-3A08-4B23-A53C-97A79125D4BD}.Debug|x64.ActiveCfg = Debug|x64
		{93D8C082-3A08-4B23-A53C-97A79125D4BD}.Debug|x64.Build.0 = Debug|x64
		{93D8C082-3A08-4B23-A53C-97A79125D4BD}.Release|Win32.ActiveCfg = Release|Win32
		{93D8C082-3A08-4B23-A53C-97A79125D4BD}.Release|Win32.Build.0 = Release|Win32
		{93D8C082-3A08-4B23-A53C-97A79125D4BD}.Release|x64.ActiveCfg = Release|x64
		{93D8C082-3A08-4B23-A53C-97A79125D4BD}.Release|x64.Build.0 = Release|x64
		{6C6521A1-DE42-48B9-991D-E3C412026C49}.Debug|Win32.ActiveCfg = Debug|Win32
		{6C6521A1-DE42-48B9-991D-E3C412026C49}.Debug|Win32.Build.0 = Debug|Win32
		{6C6521A1-DE42-48B9-991D-E3C412026C49}.Debug|x64.ActiveCfg = Debug|x64
		{6C6521A1-DE42-48B9-991D-E3C412026C49}.Debug|x64.Build.0 = Debug|x64
		{6C6521A1-DE42-48B9-991D-E3C412026C49}.Release|Win32.ActiveCfg = Release|Win32
		{6C6521A1-DE42-48B9-991D-E3C412026C49}.Release|Win32.Build.0 = Release|Win32
		{6C6521A1-DE42-48B9-991D-E3C412026C49}.Release|x64.ActiveCfg = Release|x64
		{6C6521A1-DE42-48B9-991D-E3C412026C49}.Release|x64.Build.0 = Release|x64
		{5BE8A249-F97A-47A5-BDEF-741E34FA697B}.Debug|Win32.ActiveCfg = Debug|Win32
		{5BE8A249-F97A-47A5-BDEF-741E34FA697B}.Debug|Win32.Build.0 = Debug|Win32
		{5BE8A249-F97A-47A5-BDEF-741E34FA697B}.Debug|x64.ActiveCfg = Debug|x64
		{5BE8A249-F97A-47A5-BDEF-741E34FA697B}.Debug|x64.Build.0 = Debug|x64
		{5BE8A249-F97A-47A5-BDEF-741E34FA697B}.Release|Win32.ActiveCfg = Debug|Win32
		{5BE8A249-F97A-47A5-BDEF-741E34FA697B}.Release|Win32.Build.0 = Debug|Win32
		{5BE8A249-F97A-47A5-BDEF-741E34FA697B}.Release|x64.ActiveCfg = Debug|x64
		{95391B7F-F59D-4B7B-84A7-B7D24D3A0033}.Debug|Win32.ActiveCfg = Debug|Win32
		{95391B7F-F59D-4B7B-84A7-B7D24D3A0033}.Debug|Win32.Build.0 = Debug|Win32
		{95391B7F-F59D-4B7B-84A7-B7D24D3A0033}.Debug|x64.ActiveCfg = Debug|x64
		{95391B7F-F59D-4B7B-84A7-B7D24D3A0033}.Debug|x64.Build.0 = Debug|x64
		{95391B7F-F59D-4B7B-84A7-B7D24D3A0033}.Release|Win32.ActiveCfg = Release|Win32
		{95391B7F-F59D-4B7B-84A7-B7D24D3A0033}.Release|Win32.Build.0 = Release|Win32
		{95391B7F-F59D-4B7B-84A7-B7D24D3A0033}.Release|x64.ActiveCfg = Release|x64
		{95391B7F-F59D-4B7B-84A7-B7D24D3A0033}.Release|x64.Build.0 = Release|x64
	EndGlobalSection
	GlobalSection(SolutionProperties) = preSolution
		HideSolutionNode = FALSE
	EndGlobalSection
EndGlobal
