<?xml version="1.0" encoding="utf-8"?>
<Project ToolsVersion="4.0" xmlns="http://schemas.microsoft.com/developer/msbuild/2003">
  <ItemGroup>
    <ClCompile Include="__submodules\mongo-c-driver\tests\test-replica-set.c" />
    <ClCompile Include="__submodules\mongo-c-driver\tests\mongoc-tests.c" />
    <ClCompile Include="__submodules\mongo-c-driver\tests\ha-test.c" />
    <ClCompile Include="__submodules\mongo-c-driver\src\mongoc\mongoc-array.c">
      <Filter>libmongoc</Filter>
    </ClCompile>
    <ClCompile Include="__submodules\mongo-c-driver\src\mongoc\mongoc-b64.c">
      <Filter>libmongoc</Filter>
    </ClCompile>
    <ClCompile Include="__submodules\mongo-c-driver\src\mongoc\mongoc-buffer.c">
      <Filter>libmongoc</Filter>
    </ClCompile>
    <ClCompile Include="__submodules\mongo-c-driver\src\mongoc\mongoc-bulk-operation.c">
      <Filter>libmongoc</Filter>
    </ClCompile>
    <ClCompile Include="__submodules\mongo-c-driver\src\mongoc\mongoc-client-pool.c">
      <Filter>libmongoc</Filter>
    </ClCompile>
    <ClCompile Include="__submodules\mongo-c-driver\src\mongoc\mongoc-client.c">
      <Filter>libmongoc</Filter>
    </ClCompile>
    <ClCompile Include="__submodules\mongo-c-driver\src\mongoc\mongoc-cluster.c">
      <Filter>libmongoc</Filter>
    </ClCompile>
    <ClCompile Include="__submodules\mongo-c-driver\src\mongoc\mongoc-collection.c">
      <Filter>libmongoc</Filter>
    </ClCompile>
    <ClCompile Include="__submodules\mongo-c-driver\src\mongoc\mongoc-counters.c">
      <Filter>libmongoc</Filter>
    </ClCompile>
    <ClCompile Include="__submodules\mongo-c-driver\src\mongoc\mongoc-cursor-array.c">
      <Filter>libmongoc</Filter>
    </ClCompile>
    <ClCompile Include="__submodules\mongo-c-driver\src\mongoc\mongoc-cursor-cursorid.c">
      <Filter>libmongoc</Filter>
    </ClCompile>
    <ClCompile Include="__submodules\mongo-c-driver\src\mongoc\mongoc-cursor-transform.c">
      <Filter>libmongoc</Filter>
    </ClCompile>
    <ClCompile Include="__submodules\mongo-c-driver\src\mongoc\mongoc-cursor.c">
      <Filter>libmongoc</Filter>
    </ClCompile>
    <ClCompile Include="__submodules\mongo-c-driver\src\mongoc\mongoc-database.c">
      <Filter>libmongoc</Filter>
    </ClCompile>
    <ClCompile Include="__submodules\mongo-c-driver\src\mongoc\mongoc-gridfs-file-list.c">
      <Filter>libmongoc</Filter>
    </ClCompile>
    <ClCompile Include="__submodules\mongo-c-driver\src\mongoc\mongoc-gridfs-file-page.c">
      <Filter>libmongoc</Filter>
    </ClCompile>
    <ClCompile Include="__submodules\mongo-c-driver\src\mongoc\mongoc-gridfs-file.c">
      <Filter>libmongoc</Filter>
    </ClCompile>
    <ClCompile Include="__submodules\mongo-c-driver\src\mongoc\mongoc-gridfs.c">
      <Filter>libmongoc</Filter>
    </ClCompile>
    <ClCompile Include="__submodules\mongo-c-driver\src\mongoc\mongoc-index.c">
      <Filter>libmongoc</Filter>
    </ClCompile>
    <ClCompile Include="__submodules\mongo-c-driver\src\mongoc\mongoc-init.c">
      <Filter>libmongoc</Filter>
    </ClCompile>
    <ClCompile Include="__submodules\mongo-c-driver\src\mongoc\mongoc-list.c">
      <Filter>libmongoc</Filter>
    </ClCompile>
    <ClCompile Include="__submodules\mongo-c-driver\src\mongoc\mongoc-log.c">
      <Filter>libmongoc</Filter>
    </ClCompile>
    <ClCompile Include="__submodules\mongo-c-driver\src\mongoc\mongoc-matcher-op.c">
      <Filter>libmongoc</Filter>
    </ClCompile>
    <ClCompile Include="__submodules\mongo-c-driver\src\mongoc\mongoc-matcher.c">
      <Filter>libmongoc</Filter>
    </ClCompile>
    <ClCompile Include="__submodules\mongo-c-driver\src\mongoc\mongoc-queue.c">
      <Filter>libmongoc</Filter>
    </ClCompile>
    <ClCompile Include="__submodules\mongo-c-driver\src\mongoc\mongoc-rand.c">
      <Filter>libmongoc</Filter>
    </ClCompile>
    <ClCompile Include="__submodules\mongo-c-driver\src\mongoc\mongoc-read-prefs.c">
      <Filter>libmongoc</Filter>
    </ClCompile>
    <ClCompile Include="__submodules\mongo-c-driver\src\mongoc\mongoc-rpc.c">
      <Filter>libmongoc</Filter>
    </ClCompile>
    <ClCompile Include="__submodules\mongo-c-driver\src\mongoc\mongoc-scram.c">
      <Filter>libmongoc</Filter>
    </ClCompile>
    <ClCompile Include="__submodules\mongo-c-driver\src\mongoc\mongoc-socket.c">
      <Filter>libmongoc</Filter>
    </ClCompile>
    <ClCompile Include="__submodules\mongo-c-driver\src\mongoc\mongoc-ssl.c">
      <Filter>libmongoc</Filter>
    </ClCompile>
    <ClCompile Include="__submodules\mongo-c-driver\src\mongoc\mongoc-stream-buffered.c">
      <Filter>libmongoc</Filter>
    </ClCompile>
    <ClCompile Include="__submodules\mongo-c-driver\src\mongoc\mongoc-stream-file.c">
      <Filter>libmongoc</Filter>
    </ClCompile>
    <ClCompile Include="__submodules\mongo-c-driver\src\mongoc\mongoc-stream-gridfs.c">
      <Filter>libmongoc</Filter>
    </ClCompile>
    <ClCompile Include="__submodules\mongo-c-driver\src\mongoc\mongoc-stream-socket.c">
      <Filter>libmongoc</Filter>
    </ClCompile>
    <ClCompile Include="__submodules\mongo-c-driver\src\mongoc\mongoc-stream-tls.c">
      <Filter>libmongoc</Filter>
    </ClCompile>
    <ClCompile Include="__submodules\mongo-c-driver\src\mongoc\mongoc-stream.c">
      <Filter>libmongoc</Filter>
    </ClCompile>
    <ClCompile Include="__submodules\mongo-c-driver\src\mongoc\mongoc-uri.c">
      <Filter>libmongoc</Filter>
    </ClCompile>
    <ClCompile Include="__submodules\mongo-c-driver\src\mongoc\mongoc-util.c">
      <Filter>libmongoc</Filter>
    </ClCompile>
    <ClCompile Include="__submodules\mongo-c-driver\src\mongoc\mongoc-write-command.c">
      <Filter>libmongoc</Filter>
    </ClCompile>
    <ClCompile Include="__submodules\mongo-c-driver\src\mongoc\mongoc-write-concern.c">
      <Filter>libmongoc</Filter>
    </ClCompile>
    <ClCompile Include="__submodules\libbson\src\bson\bson-iso8601.c">
      <Filter>libmongoc\libbson</Filter>
    </ClCompile>
    <ClCompile Include="__submodules\libbson\src\bson\bcon.c">
      <Filter>libmongoc\libbson</Filter>
    </ClCompile>
    <ClCompile Include="__submodules\libbson\src\bson\bson-atomic.c">
      <Filter>libmongoc\libbson</Filter>
    </ClCompile>
    <ClCompile Include="__submodules\libbson\src\bson\bson-clock.c">
      <Filter>libmongoc\libbson</Filter>
    </ClCompile>
    <ClCompile Include="__submodules\libbson\src\bson\bson-context.c">
      <Filter>libmongoc\libbson</Filter>
    </ClCompile>
    <ClCompile Include="__submodules\libbson\src\bson\bson-error.c">
      <Filter>libmongoc\libbson</Filter>
    </ClCompile>
    <ClCompile Include="__submodules\libbson\src\bson\bson-iter.c">
      <Filter>libmongoc\libbson</Filter>
    </ClCompile>
    <ClCompile Include="__submodules\libbson\src\bson\bson-json.c">
      <Filter>libmongoc\libbson</Filter>
    </ClCompile>
    <ClCompile Include="__submodules\libbson\src\bson\bson-keys.c">
      <Filter>libmongoc\libbson</Filter>
    </ClCompile>
    <ClCompile Include="__submodules\libbson\src\bson\bson-md5.c">
      <Filter>libmongoc\libbson</Filter>
    </ClCompile>
    <ClCompile Include="__submodules\libbson\src\bson\bson-memory.c">
      <Filter>libmongoc\libbson</Filter>
    </ClCompile>
    <ClCompile Include="__submodules\libbson\src\bson\bson-oid.c">
      <Filter>libmongoc\libbson</Filter>
    </ClCompile>
    <ClCompile Include="__submodules\libbson\src\bson\bson-reader.c">
      <Filter>libmongoc\libbson</Filter>
    </ClCompile>
    <ClCompile Include="__submodules\libbson\src\bson\bson-string.c">
      <Filter>libmongoc\libbson</Filter>
    </ClCompile>
    <ClCompile Include="__submodules\libbson\src\bson\bson-utf8.c">
      <Filter>libmongoc\libbson</Filter>
    </ClCompile>
    <ClCompile Include="__submodules\libbson\src\bson\bson-value.c">
      <Filter>libmongoc\libbson</Filter>
    </ClCompile>
    <ClCompile Include="__submodules\libbson\src\bson\bson-writer.c">
      <Filter>libmongoc\libbson</Filter>
    </ClCompile>
    <ClCompile Include="__submodules\libbson\src\bson\bson.c">
      <Filter>libmongoc\libbson</Filter>
    </ClCompile>
    <ClCompile Include="__submodules\libbson\src\yajl\yajl.c">
      <Filter>libmongoc\libbson\yajl</Filter>
    </ClCompile>
    <ClCompile Include="__submodules\libbson\src\yajl\yajl_alloc.c">
      <Filter>libmongoc\libbson\yajl</Filter>
    </ClCompile>
    <ClCompile Include="__submodules\libbson\src\yajl\yajl_buf.c">
      <Filter>libmongoc\libbson\yajl</Filter>
    </ClCompile>
    <ClCompile Include="__submodules\libbson\src\yajl\yajl_encode.c">
      <Filter>libmongoc\libbson\yajl</Filter>
    </ClCompile>
    <ClCompile Include="__submodules\libbson\src\yajl\yajl_gen.c">
      <Filter>libmongoc\libbson\yajl</Filter>
    </ClCompile>
    <ClCompile Include="__submodules\libbson\src\yajl\yajl_lex.c">
      <Filter>libmongoc\libbson\yajl</Filter>
    </ClCompile>
    <ClCompile Include="__submodules\libbson\src\yajl\yajl_parser.c">
      <Filter>libmongoc\libbson\yajl</Filter>
    </ClCompile>
    <ClCompile Include="__submodules\libbson\src\yajl\yajl_tree.c">
      <Filter>libmongoc\libbson\yajl</Filter>
    </ClCompile>
    <ClCompile Include="__submodules\libbson\src\yajl\yajl_version.c">
      <Filter>libmongoc\libbson\yajl</Filter>
    </ClCompile>
  </ItemGroup>
  <ItemGroup>
    <Filter Include="libmongoc">
      <UniqueIdentifier>{92196dd6-cd2b-4413-b621-73a0dacb81b5}</UniqueIdentifier>
    </Filter>
    <Filter Include="libmongoc\libbson">
      <UniqueIdentifier>{c960bdd0-f519-4472-b43b-dd6c85467f49}</UniqueIdentifier>
    </Filter>
    <Filter Include="libmongoc\libbson\yajl">
      <UniqueIdentifier>{102ed132-d449-44d2-94e0-cb7bfa5a2498}</UniqueIdentifier>
    </Filter>
  </ItemGroup>
</Project>