<?xml version="1.0" encoding="utf-8"?>
<Project ToolsVersion="4.0" xmlns="http://schemas.microsoft.com/developer/msbuild/2003">
  <ItemGroup>
    <ClCompile Include="__submodules\mongo-c-driver\src\mongoc\mongoc-write-concern.c">
      <Filter>Source Files\libmongoc</Filter>
    </ClCompile>
    <ClCompile Include="__submodules\mongo-c-driver\src\mongoc\mongoc-array.c">
      <Filter>Source Files\libmongoc</Filter>
    </ClCompile>
    <ClCompile Include="__submodules\mongo-c-driver\src\mongoc\mongoc-buffer.c">
      <Filter>Source Files\libmongoc</Filter>
    </ClCompile>
    <ClCompile Include="__submodules\mongo-c-driver\src\mongoc\mongoc-bulk-operation.c">
      <Filter>Source Files\libmongoc</Filter>
    </ClCompile>
    <ClCompile Include="__submodules\mongo-c-driver\src\mongoc\mongoc-client-pool.c">
      <Filter>Source Files\libmongoc</Filter>
    </ClCompile>
    <ClCompile Include="__submodules\mongo-c-driver\src\mongoc\mongoc-client.c">
      <Filter>Source Files\libmongoc</Filter>
    </ClCompile>
    <ClCompile Include="__submodules\mongo-c-driver\src\mongoc\mongoc-cluster.c">
      <Filter>Source Files\libmongoc</Filter>
    </ClCompile>
    <ClCompile Include="__submodules\mongo-c-driver\src\mongoc\mongoc-collection.c">
      <Filter>Source Files\libmongoc</Filter>
    </ClCompile>
    <ClCompile Include="__submodules\mongo-c-driver\src\mongoc\mongoc-counters.c">
      <Filter>Source Files\libmongoc</Filter>
    </ClCompile>
    <ClCompile Include="__submodules\mongo-c-driver\src\mongoc\mongoc-cursor-array.c">
      <Filter>Source Files\libmongoc</Filter>
    </ClCompile>
    <ClCompile Include="__submodules\mongo-c-driver\src\mongoc\mongoc-cursor-cursorid.c">
      <Filter>Source Files\libmongoc</Filter>
    </ClCompile>
    <ClCompile Include="__submodules\mongo-c-driver\src\mongoc\mongoc-cursor.c">
      <Filter>Source Files\libmongoc</Filter>
    </ClCompile>
    <ClCompile Include="__submodules\mongo-c-driver\src\mongoc\mongoc-database.c">
      <Filter>Source Files\libmongoc</Filter>
    </ClCompile>
    <ClCompile Include="__submodules\mongo-c-driver\src\mongoc\mongoc-gridfs-file-list.c">
      <Filter>Source Files\libmongoc</Filter>
    </ClCompile>
    <ClCompile Include="__submodules\mongo-c-driver\src\mongoc\mongoc-gridfs-file-page.c">
      <Filter>Source Files\libmongoc</Filter>
    </ClCompile>
    <ClCompile Include="__submodules\mongo-c-driver\src\mongoc\mongoc-gridfs-file.c">
      <Filter>Source Files\libmongoc</Filter>
    </ClCompile>
    <ClCompile Include="__submodules\mongo-c-driver\src\mongoc\mongoc-gridfs.c">
      <Filter>Source Files\libmongoc</Filter>
    </ClCompile>
    <ClCompile Include="__submodules\mongo-c-driver\src\mongoc\mongoc-index.c">
      <Filter>Source Files\libmongoc</Filter>
    </ClCompile>
    <ClCompile Include="__submodules\mongo-c-driver\src\mongoc\mongoc-init.c">
      <Filter>Source Files\libmongoc</Filter>
    </ClCompile>
    <ClCompile Include="__submodules\mongo-c-driver\src\mongoc\mongoc-list.c">
      <Filter>Source Files\libmongoc</Filter>
    </ClCompile>
    <ClCompile Include="__submodules\mongo-c-driver\src\mongoc\mongoc-log.c">
      <Filter>Source Files\libmongoc</Filter>
    </ClCompile>
    <ClCompile Include="__submodules\mongo-c-driver\src\mongoc\mongoc-matcher-op.c">
      <Filter>Source Files\libmongoc</Filter>
    </ClCompile>
    <ClCompile Include="__submodules\mongo-c-driver\src\mongoc\mongoc-matcher.c">
      <Filter>Source Files\libmongoc</Filter>
    </ClCompile>
    <ClCompile Include="__submodules\mongo-c-driver\src\mongoc\mongoc-queue.c">
      <Filter>Source Files\libmongoc</Filter>
    </ClCompile>
    <ClCompile Include="__submodules\mongo-c-driver\src\mongoc\mongoc-read-prefs.c">
      <Filter>Source Files\libmongoc</Filter>
    </ClCompile>
    <ClCompile Include="__submodules\mongo-c-driver\src\mongoc\mongoc-rpc.c">
      <Filter>Source Files\libmongoc</Filter>
    </ClCompile>
    <ClCompile Include="__submodules\mongo-c-driver\src\mongoc\mongoc-socket.c">
      <Filter>Source Files\libmongoc</Filter>
    </ClCompile>
    <ClCompile Include="__submodules\mongo-c-driver\src\mongoc\mongoc-stream-buffered.c">
      <Filter>Source Files\libmongoc</Filter>
    </ClCompile>
    <ClCompile Include="__submodules\mongo-c-driver\src\mongoc\mongoc-stream-file.c">
      <Filter>Source Files\libmongoc</Filter>
    </ClCompile>
    <ClCompile Include="__submodules\mongo-c-driver\src\mongoc\mongoc-stream-gridfs.c">
      <Filter>Source Files\libmongoc</Filter>
    </ClCompile>
    <ClCompile Include="__submodules\mongo-c-driver\src\mongoc\mongoc-stream-socket.c">
      <Filter>Source Files\libmongoc</Filter>
    </ClCompile>
    <ClCompile Include="__submodules\mongo-c-driver\src\mongoc\mongoc-stream.c">
      <Filter>Source Files\libmongoc</Filter>
    </ClCompile>
    <ClCompile Include="__submodules\mongo-c-driver\src\mongoc\mongoc-uri.c">
      <Filter>Source Files\libmongoc</Filter>
    </ClCompile>
    <ClCompile Include="__submodules\mongo-c-driver\src\mongoc\mongoc-util.c">
      <Filter>Source Files\libmongoc</Filter>
    </ClCompile>
    <ClCompile Include="__submodules\mongo-c-driver\src\mongoc\mongoc-write-command.c">
      <Filter>Source Files\libmongoc</Filter>
    </ClCompile>
    <ClCompile Include="__submodules\libbson\src\bson\bcon.c">
      <Filter>Source Files\libmongoc\libbson</Filter>
    </ClCompile>
    <ClCompile Include="__submodules\libbson\src\bson\bson.c">
      <Filter>Source Files\libmongoc\libbson</Filter>
    </ClCompile>
    <ClCompile Include="__submodules\libbson\src\bson\bson-atomic.c">
      <Filter>Source Files\libmongoc\libbson</Filter>
    </ClCompile>
    <ClCompile Include="__submodules\libbson\src\bson\bson-clock.c">
      <Filter>Source Files\libmongoc\libbson</Filter>
    </ClCompile>
    <ClCompile Include="__submodules\libbson\src\bson\bson-context.c">
      <Filter>Source Files\libmongoc\libbson</Filter>
    </ClCompile>
    <ClCompile Include="__submodules\libbson\src\bson\bson-error.c">
      <Filter>Source Files\libmongoc\libbson</Filter>
    </ClCompile>
    <ClCompile Include="__submodules\libbson\src\bson\bson-iter.c">
      <Filter>Source Files\libmongoc\libbson</Filter>
    </ClCompile>
    <ClCompile Include="__submodules\libbson\src\bson\bson-json.c">
      <Filter>Source Files\libmongoc\libbson</Filter>
    </ClCompile>
    <ClCompile Include="__submodules\libbson\src\bson\bson-keys.c">
      <Filter>Source Files\libmongoc\libbson</Filter>
    </ClCompile>
    <ClCompile Include="__submodules\libbson\src\bson\bson-md5.c">
      <Filter>Source Files\libmongoc\libbson</Filter>
    </ClCompile>
    <ClCompile Include="__submodules\libbson\src\bson\bson-memory.c">
      <Filter>Source Files\libmongoc\libbson</Filter>
    </ClCompile>
    <ClCompile Include="__submodules\libbson\src\bson\bson-oid.c">
      <Filter>Source Files\libmongoc\libbson</Filter>
    </ClCompile>
    <ClCompile Include="__submodules\libbson\src\bson\bson-reader.c">
      <Filter>Source Files\libmongoc\libbson</Filter>
    </ClCompile>
    <ClCompile Include="__submodules\libbson\src\bson\bson-string.c">
      <Filter>Source Files\libmongoc\libbson</Filter>
    </ClCompile>
    <ClCompile Include="__submodules\libbson\src\bson\bson-utf8.c">
      <Filter>Source Files\libmongoc\libbson</Filter>
    </ClCompile>
    <ClCompile Include="__submodules\libbson\src\bson\bson-value.c">
      <Filter>Source Files\libmongoc\libbson</Filter>
    </ClCompile>
    <ClCompile Include="__submodules\libbson\src\bson\bson-writer.c">
      <Filter>Source Files\libmongoc\libbson</Filter>
    </ClCompile>
    <ClCompile Include="__submodules\libbson\src\yajl\yajl.c">
      <Filter>Source Files\libmongoc\libbson\yajl</Filter>
    </ClCompile>
    <ClCompile Include="__submodules\libbson\src\yajl\yajl_alloc.c">
      <Filter>Source Files\libmongoc\libbson\yajl</Filter>
    </ClCompile>
    <ClCompile Include="__submodules\libbson\src\yajl\yajl_buf.c">
      <Filter>Source Files\libmongoc\libbson\yajl</Filter>
    </ClCompile>
    <ClCompile Include="__submodules\libbson\src\yajl\yajl_encode.c">
      <Filter>Source Files\libmongoc\libbson\yajl</Filter>
    </ClCompile>
    <ClCompile Include="__submodules\libbson\src\yajl\yajl_gen.c">
      <Filter>Source Files\libmongoc\libbson\yajl</Filter>
    </ClCompile>
    <ClCompile Include="__submodules\libbson\src\yajl\yajl_lex.c">
      <Filter>Source Files\libmongoc\libbson\yajl</Filter>
    </ClCompile>
    <ClCompile Include="__submodules\libbson\src\yajl\yajl_parser.c">
      <Filter>Source Files\libmongoc\libbson\yajl</Filter>
    </ClCompile>
    <ClCompile Include="__submodules\libbson\src\yajl\yajl_tree.c">
      <Filter>Source Files\libmongoc\libbson\yajl</Filter>
    </ClCompile>
    <ClCompile Include="__submodules\libbson\src\yajl\yajl_version.c">
      <Filter>Source Files\libmongoc\libbson\yajl</Filter>
    </ClCompile>
    <ClCompile Include="__submodules\mongo-c-driver\tests\test-sharded-cluster.c" />
    <ClCompile Include="__submodules\mongo-c-driver\tests\mongoc-tests.c" />
    <ClCompile Include="__submodules\mongo-c-driver\tests\ha-test.c" />
    <ClCompile Include="__submodules\libbson\src\bson\bson-iso8601.c">
      <Filter>Source Files\libmongoc\libbson</Filter>
    </ClCompile>
    <ClCompile Include="__submodules\mongo-c-driver\src\mongoc\mongoc-cursor-transform.c">
      <Filter>Source Files\libmongoc</Filter>
    </ClCompile>
    <ClCompile Include="__submodules\mongo-c-driver\src\mongoc\mongoc-b64.c">
      <Filter>Source Files\libmongoc</Filter>
    </ClCompile>
  </ItemGroup>
  <ItemGroup>
    <Filter Include="Source Files">
      <UniqueIdentifier>{7B8908A5-1D5A-4E49-9D21-C6FC0FEC6C28}</UniqueIdentifier>
    </Filter>
    <Filter Include="Source Files\libmongoc">
      <UniqueIdentifier>{8cbd58cd-36d5-4b21-bc26-4fa06235b4c5}</UniqueIdentifier>
    </Filter>
    <Filter Include="Source Files\libmongoc\libbson">
      <UniqueIdentifier>{5c174832-ab1a-4e4b-8349-f09bf398f47a}</UniqueIdentifier>
    </Filter>
    <Filter Include="Source Files\libmongoc\libbson\yajl">
      <UniqueIdentifier>{83b8afb9-685c-404b-b945-74bc2e66ea24}</UniqueIdentifier>
    </Filter>
  </ItemGroup>
</Project>