<?xml version="1.0" encoding="utf-8"?>
<Project ToolsVersion="4.0" xmlns="http://schemas.microsoft.com/developer/msbuild/2003">
  <ItemGroup>
    <ClCompile Include="__submodules\mongo-c-driver\tests\test-mongoc-gridfs-cnv-file.c">
      <Filter>Source Files</Filter>
    </ClCompile>
    <ClCompile Include="__submodules\mongo-c-driver\src\mongoc\mongoc-gridfs-cnv-file.c">
      <Filter>Source Files</Filter>
    </ClCompile>
    <ClCompile Include="__submodules\mongo-c-driver\tests\debug-stream.c">
      <Filter>Source Files</Filter>
    </ClCompile>
    <ClCompile Include="__submodules\mongo-c-driver\tests\ha-test.c">
      <Filter>Source Files</Filter>
    </ClCompile>
    <ClCompile Include="__submodules\mongo-c-driver\tests\json-test.c">
      <Filter>Source Files</Filter>
    </ClCompile>
    <ClCompile Include="__submodules\mongo-c-driver\tests\mongoc-tests.c">
      <Filter>Source Files</Filter>
    </ClCompile>
    <ClCompile Include="__submodules\mongo-c-driver\tests\ssl-test.c">
      <Filter>Source Files</Filter>
    </ClCompile>
    <ClCompile Include="__submodules\mongo-c-driver\tests\test-bulk.c">
      <Filter>Source Files</Filter>
    </ClCompile>
    <ClCompile Include="__submodules\mongo-c-driver\tests\test-conveniences.c">
      <Filter>Source Files</Filter>
    </ClCompile>
    <ClCompile Include="__submodules\mongo-c-driver\tests\test-libmongoc.c">
      <Filter>Source Files</Filter>
    </ClCompile>
    <ClCompile Include="__submodules\mongo-c-driver\tests\test-mongoc-array.c">
      <Filter>Source Files</Filter>
    </ClCompile>
    <ClCompile Include="__submodules\mongo-c-driver\tests\test-mongoc-async.c">
      <Filter>Source Files</Filter>
    </ClCompile>
    <ClCompile Include="__submodules\mongo-c-driver\tests\test-mongoc-buffer.c">
      <Filter>Source Files</Filter>
    </ClCompile>
    <ClCompile Include="__submodules\mongo-c-driver\tests\test-mongoc-client.c">
      <Filter>Source Files</Filter>
    </ClCompile>
    <ClCompile Include="__submodules\mongo-c-driver\tests\test-mongoc-client-pool.c">
      <Filter>Source Files</Filter>
    </ClCompile>
    <ClCompile Include="__submodules\mongo-c-driver\tests\test-mongoc-cluster.c">
      <Filter>Source Files</Filter>
    </ClCompile>
    <ClCompile Include="__submodules\mongo-c-driver\tests\test-mongoc-collection.c">
      <Filter>Source Files</Filter>
    </ClCompile>
    <ClCompile Include="__submodules\mongo-c-driver\tests\test-mongoc-cursor.c">
      <Filter>Source Files</Filter>
    </ClCompile>
    <ClCompile Include="__submodules\mongo-c-driver\tests\test-mongoc-database.c">
      <Filter>Source Files</Filter>
    </ClCompile>
    <ClCompile Include="__submodules\mongo-c-driver\tests\test-mongoc-exhaust.c">
      <Filter>Source Files</Filter>
    </ClCompile>
    <ClCompile Include="__submodules\mongo-c-driver\tests\test-mongoc-gridfs.c">
      <Filter>Source Files</Filter>
    </ClCompile>
    <ClCompile Include="__submodules\mongo-c-driver\tests\test-mongoc-gridfs-file-page.c">
      <Filter>Source Files</Filter>
    </ClCompile>
    <ClCompile Include="__submodules\mongo-c-driver\tests\test-mongoc-list.c">
      <Filter>Source Files</Filter>
    </ClCompile>
    <ClCompile Include="__submodules\mongo-c-driver\tests\test-mongoc-log.c">
      <Filter>Source Files</Filter>
    </ClCompile>
    <ClCompile Include="__submodules\mongo-c-driver\tests\test-mongoc-matcher.c">
      <Filter>Source Files</Filter>
    </ClCompile>
    <ClCompile Include="__submodules\mongo-c-driver\tests\test-mongoc-queue.c">
      <Filter>Source Files</Filter>
    </ClCompile>
    <ClCompile Include="__submodules\mongo-c-driver\tests\test-mongoc-read-prefs.c">
      <Filter>Source Files</Filter>
    </ClCompile>
    <ClCompile Include="__submodules\mongo-c-driver\tests\test-mongoc-rpc.c">
      <Filter>Source Files</Filter>
    </ClCompile>
    <ClCompile Include="__submodules\mongo-c-driver\tests\test-mongoc-server-selection-errors.c">
      <Filter>Source Files</Filter>
    </ClCompile>
    <ClCompile Include="__submodules\mongo-c-driver\tests\test-mongoc-set.c">
      <Filter>Source Files</Filter>
    </ClCompile>
    <ClCompile Include="__submodules\mongo-c-driver\tests\test-mongoc-socket.c">
      <Filter>Source Files</Filter>
    </ClCompile>
    <ClCompile Include="__submodules\mongo-c-driver\tests\test-mongoc-stream.c">
      <Filter>Source Files</Filter>
    </ClCompile>
    <ClCompile Include="__submodules\mongo-c-driver\tests\test-mongoc-stream-tls.c">
      <Filter>Source Files</Filter>
    </ClCompile>
    <ClCompile Include="__submodules\mongo-c-driver\tests\test-mongoc-stream-tls-error.c">
      <Filter>Source Files</Filter>
    </ClCompile>
    <ClCompile Include="__submodules\mongo-c-driver\tests\test-mongoc-thread.c">
      <Filter>Source Files</Filter>
    </ClCompile>
    <ClCompile Include="__submodules\mongo-c-driver\tests\test-mongoc-topology.c">
      <Filter>Source Files</Filter>
    </ClCompile>
    <ClCompile Include="__submodules\mongo-c-driver\tests\test-mongoc-topology-reconcile.c">
      <Filter>Source Files</Filter>
    </ClCompile>
    <ClCompile Include="__submodules\mongo-c-driver\tests\test-mongoc-topology-scanner.c">
      <Filter>Source Files</Filter>
    </ClCompile>
    <ClCompile Include="__submodules\mongo-c-driver\tests\test-mongoc-uri.c">
      <Filter>Source Files</Filter>
    </ClCompile>
    <ClCompile Include="__submodules\mongo-c-driver\tests\test-mongoc-usleep.c">
      <Filter>Source Files</Filter>
    </ClCompile>
    <ClCompile Include="__submodules\mongo-c-driver\tests\test-mongoc-write-concern.c">
      <Filter>Source Files</Filter>
    </ClCompile>
    <ClCompile Include="__submodules\mongo-c-driver\tests\test-sasl.c">
      <Filter>Source Files</Filter>
    </ClCompile>
    <ClCompile Include="__submodules\mongo-c-driver\tests\TestSuite.c">
      <Filter>Source Files</Filter>
    </ClCompile>
    <ClCompile Include="__submodules\mongo-c-driver\tests\test-write-commands.c">
      <Filter>Source Files</Filter>
    </ClCompile>
    <ClCompile Include="__submodules\mongo-c-driver\tests\test-x509.c">
      <Filter>Source Files</Filter>
    </ClCompile>
    <ClCompile Include="__submodules\mongo-c-driver\tests\mock_server\future.c">
      <Filter>Source Files\mock server</Filter>
    </ClCompile>
    <ClCompile Include="__submodules\mongo-c-driver\tests\mock_server\future-functions.c">
      <Filter>Source Files\mock server</Filter>
    </ClCompile>
    <ClCompile Include="__submodules\mongo-c-driver\tests\mock_server\future-value.c">
      <Filter>Source Files\mock server</Filter>
    </ClCompile>
    <ClCompile Include="__submodules\mongo-c-driver\tests\mock_server\mock-rs.c">
      <Filter>Source Files\mock server</Filter>
    </ClCompile>
    <ClCompile Include="__submodules\mongo-c-driver\tests\mock_server\mock-server.c">
      <Filter>Source Files\mock server</Filter>
    </ClCompile>
    <ClCompile Include="__submodules\mongo-c-driver\tests\mock_server\request.c">
      <Filter>Source Files\mock server</Filter>
    </ClCompile>
    <ClCompile Include="__submodules\mongo-c-driver\tests\mock_server\sync-queue.c">
      <Filter>Source Files\mock server</Filter>
    </ClCompile>
  </ItemGroup>
  <ItemGroup>
    <Filter Include="Source Files">
      <UniqueIdentifier>{7B8908A5-1D5A-4E49-9D21-C6FC0FEC6C28}</UniqueIdentifier>
    </Filter>
    <Filter Include="Header Files">
      <UniqueIdentifier>{8933ed73-9512-4972-8a13-8a0e826c5944}</UniqueIdentifier>
    </Filter>
    <Filter Include="Header Files\eax">
      <UniqueIdentifier>{31b9e181-dfb3-45f2-8454-f2d8679d4f3a}</UniqueIdentifier>
    </Filter>
    <Filter Include="Source Files\mock server">
      <UniqueIdentifier>{95b6b3cc-d95c-4f08-aac3-1bec3390359f}</UniqueIdentifier>
    </Filter>
  </ItemGroup>
  <ItemGroup>
    <ClInclude Include="__submodules\AES\aes.h">
      <Filter>Header Files\eax</Filter>
    </ClInclude>
    <ClInclude Include="__submodules\AES\aes_ni.h">
      <Filter>Header Files\eax</Filter>
    </ClInclude>
    <ClInclude Include="__submodules\AES\aes_via_ace.h">
      <Filter>Header Files\eax</Filter>
    </ClInclude>
    <ClInclude Include="__submodules\AES\aesopt.h">
      <Filter>Header Files\eax</Filter>
    </ClInclude>
    <ClInclude Include="__submodules\AES\aestab.h">
      <Filter>Header Files\eax</Filter>
    </ClInclude>
    <ClInclude Include="__submodules\AES\brg_endian.h">
      <Filter>Header Files\eax</Filter>
    </ClInclude>
    <ClInclude Include="__submodules\AES\brg_types.h">
      <Filter>Header Files\eax</Filter>
    </ClInclude>
  </ItemGroup>
</Project>